
Microsoft Visual Studio Solution File, Format Version 12.00
# Visual Studio Version 16
VisualStudioVersion = 16.0.29020.237
MinimumVisualStudioVersion = 10.0.40219.1
Project("{FAE04EC0-301F-11D3-BF4B-00C04F79EFBC}") = "MySqlYedekAlma", "MySqlYedekAlma\MySqlYedekAlma.csproj", "{212B3DB8-7040-45B0-AD5F-A49B86A216CB}"
EndProject
Project("{54435603-DBB4-11D2-8724-00A0C9A8B90C}") = "BackupSetup", "BackupSetup\BackupSetup.vdproj", "{FDE3BF39-7B37-449D-925A-DA12D195416B}"
EndProject
Global
	GlobalSection(SolutionConfigurationPlatforms) = preSolution
		Debug|Any CPU = Debug|Any CPU
		Release|Any CPU = Release|Any CPU
	EndGlobalSection
	GlobalSection(ProjectConfigurationPlatforms) = postSolution
		{212B3DB8-7040-45B0-AD5F-A49B86A216CB}.Debug|Any CPU.ActiveCfg = Debug|Any CPU
		{212B3DB8-7040-45B0-AD5F-A49B86A216CB}.Debug|Any CPU.Build.0 = Debug|Any CPU
		{212B3DB8-7040-45B0-AD5F-A49B86A216CB}.Release|Any CPU.ActiveCfg = Release|Any CPU
		{212B3DB8-7040-45B0-AD5F-A49B86A216CB}.Release|Any CPU.Build.0 = Release|Any CPU
		{FDE3BF39-7B37-449D-925A-DA12D195416B}.Debug|Any CPU.ActiveCfg = Debug
		{FDE3BF39-7B37-449D-925A-DA12D195416B}.Release|Any CPU.ActiveCfg = Release
	EndGlobalSection
	GlobalSection(SolutionProperties) = preSolution
		HideSolutionNode = FALSE
	EndGlobalSection
	GlobalSection(ExtensibilityGlobals) = postSolution
		SolutionGuid = {1494F0B2-6D7F-4FA7-B387-FF3FBF9499F7}
	EndGlobalSection
EndGlobal
